
Microsoft Visual Studio Solution File, Format Version 12.00
# Visual Studio 15
VisualStudioVersion = 15.0.28010.2016
MinimumVisualStudioVersion = 10.0.40219.1
Project("{9A19103F-16F7-4668-BE54-9A1E7A4F7556}") = "algorithms", "algorithms\algorithms.csproj", "{1E904C81-54BD-40B6-91AD-F0DF77FEDF87}"
EndProject
Project("{FAE04EC0-301F-11D3-BF4B-00C04F79EFBC}") = "Code", "Code\Code.csproj", "{93EA8F4E-18D0-459D-BCDC-DA2742A6F771}"
EndProject
Global
	GlobalSection(SolutionConfigurationPlatforms) = preSolution
		Debug|Any CPU = Debug|Any CPU
		Release|Any CPU = Release|Any CPU
	EndGlobalSection
	GlobalSection(ProjectConfigurationPlatforms) = postSolution
		{1E904C81-54BD-40B6-91AD-F0DF77FEDF87}.Debug|Any CPU.ActiveCfg = Debug|Any CPU
		{1E904C81-54BD-40B6-91AD-F0DF77FEDF87}.Debug|Any CPU.Build.0 = Debug|Any CPU
		{1E904C81-54BD-40B6-91AD-F0DF77FEDF87}.Release|Any CPU.ActiveCfg = Release|Any CPU
		{1E904C81-54BD-40B6-91AD-F0DF77FEDF87}.Release|Any CPU.Build.0 = Release|Any CPU
		{93EA8F4E-18D0-459D-BCDC-DA2742A6F771}.Debug|Any CPU.ActiveCfg = Debug|Any CPU
		{93EA8F4E-18D0-459D-BCDC-DA2742A6F771}.Debug|Any CPU.Build.0 = Debug|Any CPU
		{93EA8F4E-18D0-459D-BCDC-DA2742A6F771}.Release|Any CPU.ActiveCfg = Release|Any CPU
		{93EA8F4E-18D0-459D-BCDC-DA2742A6F771}.Release|Any CPU.Build.0 = Release|Any CPU
	EndGlobalSection
	GlobalSection(SolutionProperties) = preSolution
		HideSolutionNode = FALSE
	EndGlobalSection
	GlobalSection(ExtensibilityGlobals) = postSolution
		SolutionGuid = {63ACA106-2CFD-47C8-B720-14BDBB8E3DE9}
	EndGlobalSection
EndGlobal
